{
    "name": "orion-orch",
    "version": "1.0.0",
    "lockfileVersion": 3,
    "requires": true,
    "packages": {
        "": {
            "name": "orion-orch",
            "version": "1.0.0",
            "license": "MIT",
            "dependencies": {
                "r-sync": "file:../R_sync"
            },
            "engines": {
                "node": ">=18.18.0"
            }
        },
        "../R_sync": {
            "name": "r-sync",
            "version": "1.0.0",
            "license": "MIT",
            "dependencies": {
                "bcrypt": "^5.1.0",
                "cors": "^2.8.5",
                "express": "^5.2.1",
                "express-rate-limit": "^7.0.0",
                "helmet": "^8.1.0",
                "hpp": "^0.2.3",
                "lokijs": "^1.5.12",
                "mysql2": "^3.17.1"
            },
            "engines": {
                "node": ">=18.18.0"
            }
        },
        "node_modules/r-sync": {
            "resolved": "../R_sync",
            "link": true
        }
    }
}
